// !$*UTF8*$!
{
	archiveVersion = 1;
	classes = {
	};
	objectVersion = 42;
	objects = {

/* Begin PBXBuildFile section */
		95665CE00B25088C005B47C1 /* opengl_rendering.cpp in Sources */ = {isa = PBXBuildFile; fileRef = 95665CDF0B25088C005B47C1 /* opengl_rendering.cpp */; };
		A4E4EBCA0C21F86A00DA42E1 /* GLUT.framework in Frameworks */ = {isa = PBXBuildFile; fileRef = A4E4EBC90C21F86A00DA42E1 /* GLUT.framework */; };
		A4E4EBD00C21F87500DA42E1 /* OpenGL.framework in Frameworks */ = {isa = PBXBuildFile; fileRef = A4E4EBCF0C21F87500DA42E1 /* OpenGL.framework */; };
		A4E4EBF50C21F8EE00DA42E1 /* opengl_rendering_helpers.cpp in Sources */ = {isa = PBXBuildFile; fileRef = A4E4EBF40C21F8EE00DA42E1 /* opengl_rendering_helpers.cpp */; };
		A4E4EC160C21F9AF00DA42E1 /* libgranny2_intel.dylib in Frameworks */ = {isa = PBXBuildFile; fileRef = A4E4EC150C21F9AF00DA42E1 /* libgranny2_intel.dylib */; };
		A4E4EC2A0C21F9D600DA42E1 /* libgranny2_intel.dylib in CopyFiles */ = {isa = PBXBuildFile; fileRef = A4E4EC150C21F9AF00DA42E1 /* libgranny2_intel.dylib */; };
/* End PBXBuildFile section */

/* Begin PBXCopyFilesBuildPhase section */
		953073BD0B5C093000754116 /* CopyFiles */ = {
			isa = PBXCopyFilesBuildPhase;
			buildActionMask = 2147483647;
			dstPath = "";
			dstSubfolderSpec = 16;
			files = (
				A4E4EC2A0C21F9D600DA42E1 /* libgranny2_intel.dylib in CopyFiles */,
			);
			runOnlyForDeploymentPostprocessing = 0;
		};
/* End PBXCopyFilesBuildPhase section */

/* Begin PBXFileReference section */
		8DD76F6C0486A84900D96B5E /* opengl_rendering */ = {isa = PBXFileReference; explicitFileType = "compiled.mach-o.executable"; includeInIndex = 0; path = opengl_rendering; sourceTree = BUILT_PRODUCTS_DIR; };
		95665CDF0B25088C005B47C1 /* opengl_rendering.cpp */ = {isa = PBXFileReference; fileEncoding = 30; lastKnownFileType = sourcecode.cpp.cpp; path = opengl_rendering.cpp; sourceTree = "<group>"; };
		A4E4EBC90C21F86A00DA42E1 /* GLUT.framework */ = {isa = PBXFileReference; lastKnownFileType = wrapper.framework; name = GLUT.framework; path = /System/Library/Frameworks/GLUT.framework; sourceTree = "<absolute>"; };
		A4E4EBCF0C21F87500DA42E1 /* OpenGL.framework */ = {isa = PBXFileReference; lastKnownFileType = wrapper.framework; name = OpenGL.framework; path = /System/Library/Frameworks/OpenGL.framework; sourceTree = "<absolute>"; };
		A4E4EBF40C21F8EE00DA42E1 /* opengl_rendering_helpers.cpp */ = {isa = PBXFileReference; fileEncoding = 30; lastKnownFileType = sourcecode.cpp.cpp; path = opengl_rendering_helpers.cpp; sourceTree = "<group>"; };
		A4E4EC150C21F9AF00DA42E1 /* libgranny2_intel.dylib */ = {isa = PBXFileReference; lastKnownFileType = "compiled.mach-o.dylib"; name = libgranny2_intel.dylib; path = ../../../bin/macosx_intel/libgranny2_intel.dylib; sourceTree = SOURCE_ROOT; };
/* End PBXFileReference section */

/* Begin PBXFrameworksBuildPhase section */
		8DD76F660486A84900D96B5E /* Frameworks */ = {
			isa = PBXFrameworksBuildPhase;
			buildActionMask = 2147483647;
			files = (
				A4E4EBCA0C21F86A00DA42E1 /* GLUT.framework in Frameworks */,
				A4E4EBD00C21F87500DA42E1 /* OpenGL.framework in Frameworks */,
				A4E4EC160C21F9AF00DA42E1 /* libgranny2_intel.dylib in Frameworks */,
			);
			runOnlyForDeploymentPostprocessing = 0;
		};
/* End PBXFrameworksBuildPhase section */

/* Begin PBXGroup section */
		08FB7794FE84155DC02AAC07 /* opengl_rendering */ = {
			isa = PBXGroup;
			children = (
				A4E4EC150C21F9AF00DA42E1 /* libgranny2_intel.dylib */,
				A4E4EBCF0C21F87500DA42E1 /* OpenGL.framework */,
				A4E4EBC90C21F86A00DA42E1 /* GLUT.framework */,
				08FB7795FE84155DC02AAC07 /* Source */,
				1AB674ADFE9D54B511CA2CBB /* Products */,
			);
			name = opengl_rendering;
			sourceTree = "<group>";
		};
		08FB7795FE84155DC02AAC07 /* Source */ = {
			isa = PBXGroup;
			children = (
				A4E4EBF40C21F8EE00DA42E1 /* opengl_rendering_helpers.cpp */,
				95665CDF0B25088C005B47C1 /* opengl_rendering.cpp */,
			);
			name = Source;
			sourceTree = "<group>";
		};
		1AB674ADFE9D54B511CA2CBB /* Products */ = {
			isa = PBXGroup;
			children = (
				8DD76F6C0486A84900D96B5E /* opengl_rendering */,
			);
			name = Products;
			sourceTree = "<group>";
		};
/* End PBXGroup section */

/* Begin PBXNativeTarget section */
		8DD76F620486A84900D96B5E /* opengl_rendering */ = {
			isa = PBXNativeTarget;
			buildConfigurationList = 1DEB923108733DC60010E9CD /* Build configuration list for PBXNativeTarget "opengl_rendering" */;
			buildPhases = (
				8DD76F640486A84900D96B5E /* Sources */,
				8DD76F660486A84900D96B5E /* Frameworks */,
				953073BD0B5C093000754116 /* CopyFiles */,
			);
			buildRules = (
			);
			dependencies = (
			);
			name = opengl_rendering;
			productInstallPath = "$(HOME)/bin";
			productName = opengl_rendering;
			productReference = 8DD76F6C0486A84900D96B5E /* opengl_rendering */;
			productType = "com.apple.product-type.tool";
		};
/* End PBXNativeTarget section */

/* Begin PBXProject section */
		08FB7793FE84155DC02AAC07 /* Project object */ = {
			isa = PBXProject;
			buildConfigurationList = 1DEB923508733DC60010E9CD /* Build configuration list for PBXProject "rendering_opengl" */;
			hasScannedForEncodings = 1;
			mainGroup = 08FB7794FE84155DC02AAC07 /* opengl_rendering */;
			projectDirPath = "";
			targets = (
				8DD76F620486A84900D96B5E /* opengl_rendering */,
			);
		};
/* End PBXProject section */

/* Begin PBXSourcesBuildPhase section */
		8DD76F640486A84900D96B5E /* Sources */ = {
			isa = PBXSourcesBuildPhase;
			buildActionMask = 2147483647;
			files = (
				95665CE00B25088C005B47C1 /* opengl_rendering.cpp in Sources */,
				A4E4EBF50C21F8EE00DA42E1 /* opengl_rendering_helpers.cpp in Sources */,
			);
			runOnlyForDeploymentPostprocessing = 0;
		};
/* End PBXSourcesBuildPhase section */

/* Begin XCBuildConfiguration section */
		1DEB923208733DC60010E9CD /* Debug */ = {
			isa = XCBuildConfiguration;
			buildSettings = {
				COPY_PHASE_STRIP = NO;
				GCC_DYNAMIC_NO_PIC = NO;
				GCC_ENABLE_FIX_AND_CONTINUE = YES;
				GCC_MODEL_TUNING = G5;
				GCC_OPTIMIZATION_LEVEL = 0;
				INSTALL_PATH = "$(HOME)/bin";
				LIBRARY_SEARCH_PATHS = (
					"$(inherited)",
					"$(LIBRARY_SEARCH_PATHS_QUOTED_1)",
				);
				LIBRARY_SEARCH_PATHS_QUOTED_1 = "\"$(SRCROOT)/../../../bin/macosx_intel\"";
				PRODUCT_NAME = opengl_rendering;
				ZERO_LINK = YES;
			};
			name = Debug;
		};
		1DEB923308733DC60010E9CD /* Release */ = {
			isa = XCBuildConfiguration;
			buildSettings = {
				ARCHS = i386;
				GCC_GENERATE_DEBUGGING_SYMBOLS = NO;
				GCC_MODEL_TUNING = G5;
				INSTALL_PATH = "$(HOME)/bin";
				LIBRARY_SEARCH_PATHS = (
					"$(inherited)",
					"$(LIBRARY_SEARCH_PATHS_QUOTED_1)",
				);
				LIBRARY_SEARCH_PATHS_QUOTED_1 = "\"$(SRCROOT)/../../../bin/macosx_intel\"";
				PRODUCT_NAME = opengl_rendering;
			};
			name = Release;
		};
		1DEB923608733DC60010E9CD /* Debug */ = {
			isa = XCBuildConfiguration;
			buildSettings = {
				ARCHS = "$(NATIVE_ARCH)";
				GCC_PREPROCESSOR_DEFINITIONS = _MACOSX;
				GCC_WARN_ABOUT_RETURN_TYPE = YES;
				GCC_WARN_UNUSED_VARIABLE = YES;
				HEADER_SEARCH_PATHS = "";
				LIBRARY_SEARCH_PATHS = ../../../bin/macosx_intel;
				OTHER_LDFLAGS = /usr/lib/libGLEW.a;
				PREBINDING = NO;
				SDKROOT = /Developer/SDKs/MacOSX10.4u.sdk;
				USER_HEADER_SEARCH_PATHS = ../../../include;
			};
			name = Debug;
		};
		1DEB923708733DC60010E9CD /* Release */ = {
			isa = XCBuildConfiguration;
			buildSettings = {
				ARCHS = "$(NATIVE_ARCH)";
				GCC_PREPROCESSOR_DEFINITIONS = _MACOSX;
				GCC_WARN_ABOUT_RETURN_TYPE = YES;
				GCC_WARN_UNUSED_VARIABLE = YES;
				HEADER_SEARCH_PATHS = "";
				LIBRARY_SEARCH_PATHS = ../../../bin/macosx_intel;
				OTHER_LDFLAGS = /usr/lib/libGLEW.a;
				PREBINDING = NO;
				SDKROOT = /Developer/SDKs/MacOSX10.4u.sdk;
				USER_HEADER_SEARCH_PATHS = ../../../include;
			};
			name = Release;
		};
/* End XCBuildConfiguration section */

/* Begin XCConfigurationList section */
		1DEB923108733DC60010E9CD /* Build configuration list for PBXNativeTarget "opengl_rendering" */ = {
			isa = XCConfigurationList;
			buildConfigurations = (
				1DEB923208733DC60010E9CD /* Debug */,
				1DEB923308733DC60010E9CD /* Release */,
			);
			defaultConfigurationIsVisible = 0;
			defaultConfigurationName = Release;
		};
		1DEB923508733DC60010E9CD /* Build configuration list for PBXProject "rendering_opengl" */ = {
			isa = XCConfigurationList;
			buildConfigurations = (
				1DEB923608733DC60010E9CD /* Debug */,
				1DEB923708733DC60010E9CD /* Release */,
			);
			defaultConfigurationIsVisible = 0;
			defaultConfigurationName = Release;
		};
/* End XCConfigurationList section */
	};
	rootObject = 08FB7793FE84155DC02AAC07 /* Project object */;
}
